
Microsoft Visual Studio Solution File, Format Version 12.00
# Visual Studio Version 16
VisualStudioVersion = 25.0.1704.2
MinimumVisualStudioVersion = 10.0.40219.1
Project("{FAE04EC0-301F-11D3-BF4B-00C04F79EFBC}") = "ArknightsMod", "ArknightsMod.csproj", "{F20009E4-3FB5-46D4-A1F5-F2B9F1C60454}"
EndProject
Global
	GlobalSection(SolutionConfigurationPlatforms) = preSolution
		Debug|Any CPU = Debug|Any CPU
		Release|Any CPU = Release|Any CPU
	EndGlobalSection
	GlobalSection(ProjectConfigurationPlatforms) = postSolution
		{F20009E4-3FB5-46D4-A1F5-F2B9F1C60454}.Debug|Any CPU.ActiveCfg = Debug|Any CPU
		{F20009E4-3FB5-46D4-A1F5-F2B9F1C60454}.Debug|Any CPU.Build.0 = Debug|Any CPU
		{F20009E4-3FB5-46D4-A1F5-F2B9F1C60454}.Release|Any CPU.ActiveCfg = Release|Any CPU
		{F20009E4-3FB5-46D4-A1F5-F2B9F1C60454}.Release|Any CPU.Build.0 = Release|Any CPU
	EndGlobalSection
	GlobalSection(SolutionProperties) = preSolution
		HideSolutionNode = FALSE
	EndGlobalSection
	GlobalSection(ExtensibilityGlobals) = postSolution
		SolutionGuid = {68007564-FFE6-4E8F-A7C5-E8CAEFFC09D6}
	EndGlobalSection
EndGlobal
